
Microsoft Visual Studio Solution File, Format Version 12.00
# Visual Studio Version 17
VisualStudioVersion = 17.8.34408.163
MinimumVisualStudioVersion = 10.0.40219.1
Project("{9A19103F-16F7-4668-BE54-9A1E7A4F7556}") = "PracticeQuestions", "ConsoleApp1\PracticeQuestions.csproj", "{433E3C29-681C-4825-9B11-F484B206BFAC}"
EndProject
Project("{9A19103F-16F7-4668-BE54-9A1E7A4F7556}") = "PracticeQuestions.Test", "ConsoleApp1.Test\PracticeQuestions.Test.csproj", "{0753E2CD-5D5C-4677-A117-C523F147D38E}"
EndProject
Global
	GlobalSection(SolutionConfigurationPlatforms) = preSolution
		Debug|Any CPU = Debug|Any CPU
		Release|Any CPU = Release|Any CPU
	EndGlobalSection
	GlobalSection(ProjectConfigurationPlatforms) = postSolution
		{433E3C29-681C-4825-9B11-F484B206BFAC}.Debug|Any CPU.ActiveCfg = Debug|Any CPU
		{433E3C29-681C-4825-9B11-F484B206BFAC}.Debug|Any CPU.Build.0 = Debug|Any CPU
		{433E3C29-681C-4825-9B11-F484B206BFAC}.Release|Any CPU.ActiveCfg = Release|Any CPU
		{433E3C29-681C-4825-9B11-F484B206BFAC}.Release|Any CPU.Build.0 = Release|Any CPU
		{0753E2CD-5D5C-4677-A117-C523F147D38E}.Debug|Any CPU.ActiveCfg = Debug|Any CPU
		{0753E2CD-5D5C-4677-A117-C523F147D38E}.Debug|Any CPU.Build.0 = Debug|Any CPU
		{0753E2CD-5D5C-4677-A117-C523F147D38E}.Release|Any CPU.ActiveCfg = Release|Any CPU
		{0753E2CD-5D5C-4677-A117-C523F147D38E}.Release|Any CPU.Build.0 = Release|Any CPU
	EndGlobalSection
	GlobalSection(SolutionProperties) = preSolution
		HideSolutionNode = FALSE
	EndGlobalSection
	GlobalSection(ExtensibilityGlobals) = postSolution
		SolutionGuid = {CC435BD4-9B43-44AB-B6CF-5536B37F0D71}
	EndGlobalSection
EndGlobal
